
Microsoft Visual Studio Solution File, Format Version 12.00
# Visual Studio 15
VisualStudioVersion = 15.0.26730.8
MinimumVisualStudioVersion = 10.0.40219.1
Project("{FAE04EC0-301F-11D3-BF4B-00C04F79EFBC}") = "SelfHostingRestEndpoint", "SelfHostingRestEndpoint\SelfHostingRestEndpoint.csproj", "{C32D72D4-5882-4122-8A4C-36927F1B3039}"
EndProject
Global
	GlobalSection(SolutionConfigurationPlatforms) = preSolution
		Debug|Any CPU = Debug|Any CPU
		Release|Any CPU = Release|Any CPU
	EndGlobalSection
	GlobalSection(ProjectConfigurationPlatforms) = postSolution
		{C32D72D4-5882-4122-8A4C-36927F1B3039}.Debug|Any CPU.ActiveCfg = Debug|Any CPU
		{C32D72D4-5882-4122-8A4C-36927F1B3039}.Debug|Any CPU.Build.0 = Debug|Any CPU
		{C32D72D4-5882-4122-8A4C-36927F1B3039}.Release|Any CPU.ActiveCfg = Release|Any CPU
		{C32D72D4-5882-4122-8A4C-36927F1B3039}.Release|Any CPU.Build.0 = Release|Any CPU
	EndGlobalSection
	GlobalSection(SolutionProperties) = preSolution
		HideSolutionNode = FALSE
	EndGlobalSection
	GlobalSection(ExtensibilityGlobals) = postSolution
		SolutionGuid = {0E62B8BD-5E58-4F74-9276-753861364A52}
	EndGlobalSection
EndGlobal
